{
  "name": "trolol-web",
  "version": "1.0.0",
  "dependencies": {
    "ansi-regex": {
      "version": "2.0.0",
      "from": "ansi-regex@>=2.0.0 <3.0.0",
      "resolved": "https://registry.npmjs.org/ansi-regex/-/ansi-regex-2.0.0.tgz"
    },
    "ansi-styles": {
      "version": "2.1.0",
      "from": "ansi-styles@>=2.1.0 <3.0.0",
      "resolved": "https://registry.npmjs.org/ansi-styles/-/ansi-styles-2.1.0.tgz"
    },
    "app-root-path": {
      "version": "1.0.0",
      "from": "app-root-path@>=1.0.0 <2.0.0",
      "resolved": "https://registry.npmjs.org/app-root-path/-/app-root-path-1.0.0.tgz"
    },
    "applescript": {
      "version": "1.0.0",
      "from": "applescript@>=1.0.0 <2.0.0",
      "resolved": "https://registry.npmjs.org/applescript/-/applescript-1.0.0.tgz"
    },
    "async": {
      "version": "1.5.2",
      "from": "async@1.5.2",
      "resolved": "https://registry.npmjs.org/async/-/async-1.5.2.tgz"
    },
    "beeper": {
      "version": "1.1.0",
      "from": "beeper@>=1.1.0 <2.0.0",
      "resolved": "https://registry.npmjs.org/beeper/-/beeper-1.1.0.tgz"
    },
    "bluebird": {
      "version": "2.2.2",
      "from": "bluebird@2.2.2",
      "resolved": "https://registry.npmjs.org/bluebird/-/bluebird-2.2.2.tgz"
    },
    "brightness": {
      "version": "3.0.0",
      "from": "brightness@>=3.0.0 <4.0.0",
      "resolved": "https://registry.npmjs.org/brightness/-/brightness-3.0.0.tgz"
    },
    "brightness-cli": {
      "version": "2.3.0",
      "from": "brightness-cli@>=2.2.1 <3.0.0",
      "resolved": "https://registry.npmjs.org/brightness-cli/-/brightness-cli-2.3.0.tgz"
    },
    "builtin-modules": {
      "version": "1.1.1",
      "from": "builtin-modules@>=1.0.0 <2.0.0",
      "resolved": "https://registry.npmjs.org/builtin-modules/-/builtin-modules-1.1.1.tgz"
    },
    "camelcase": {
      "version": "2.0.1",
      "from": "camelcase@>=2.0.0 <3.0.0",
      "resolved": "https://registry.npmjs.org/camelcase/-/camelcase-2.0.1.tgz"
    },
    "camelcase-keys": {
      "version": "2.0.0",
      "from": "camelcase-keys@>=2.0.0 <3.0.0",
      "resolved": "https://registry.npmjs.org/camelcase-keys/-/camelcase-keys-2.0.0.tgz"
    },
    "chalk": {
      "version": "1.1.1",
      "from": "chalk@>=1.1.0 <2.0.0",
      "resolved": "https://registry.npmjs.org/chalk/-/chalk-1.1.1.tgz"
    },
    "cli-cursor": {
      "version": "1.0.2",
      "from": "cli-cursor@>=1.0.1 <2.0.0",
      "resolved": "https://registry.npmjs.org/cli-cursor/-/cli-cursor-1.0.2.tgz"
    },
    "commander": {
      "version": "2.9.0",
      "from": "commander@>=2.9.0 <3.0.0",
      "resolved": "https://registry.npmjs.org/commander/-/commander-2.9.0.tgz"
    },
    "configstore": {
      "version": "1.4.0",
      "from": "configstore@>=1.2.0 <2.0.0",
      "resolved": "https://registry.npmjs.org/configstore/-/configstore-1.4.0.tgz"
    },
    "decamelize": {
      "version": "1.1.2",
      "from": "decamelize@>=1.1.2 <2.0.0",
      "resolved": "https://registry.npmjs.org/decamelize/-/decamelize-1.1.2.tgz"
    },
    "error-ex": {
      "version": "1.3.0",
      "from": "error-ex@>=1.2.0 <2.0.0",
      "resolved": "https://registry.npmjs.org/error-ex/-/error-ex-1.3.0.tgz"
    },
    "escape-string-regexp": {
      "version": "1.0.4",
      "from": "escape-string-regexp@>=1.0.4 <2.0.0",
      "resolved": "https://registry.npmjs.org/escape-string-regexp/-/escape-string-regexp-1.0.4.tgz"
    },
    "exit-hook": {
      "version": "1.1.1",
      "from": "exit-hook@>=1.0.0 <2.0.0",
      "resolved": "https://registry.npmjs.org/exit-hook/-/exit-hook-1.1.1.tgz"
    },
    "find-up": {
      "version": "1.1.0",
      "from": "find-up@>=1.0.0 <2.0.0",
      "resolved": "https://registry.npmjs.org/find-up/-/find-up-1.1.0.tgz"
    },
    "first-run": {
      "version": "1.1.0",
      "from": "first-run@>=1.0.0 <2.0.0",
      "resolved": "https://registry.npmjs.org/first-run/-/first-run-1.1.0.tgz"
    },
    "get-stdin": {
      "version": "4.0.1",
      "from": "get-stdin@>=4.0.1 <5.0.0",
      "resolved": "https://registry.npmjs.org/get-stdin/-/get-stdin-4.0.1.tgz"
    },
    "getos": {
      "version": "2.6.1",
      "from": "getos@>=2.4.0 <3.0.0",
      "resolved": "https://registry.npmjs.org/getos/-/getos-2.6.1.tgz"
    },
    "graceful-fs": {
      "version": "4.1.2",
      "from": "graceful-fs@>=4.1.2 <5.0.0",
      "resolved": "https://registry.npmjs.org/graceful-fs/-/graceful-fs-4.1.2.tgz"
    },
    "graceful-readlink": {
      "version": "1.0.1",
      "from": "graceful-readlink@>=1.0.0",
      "resolved": "https://registry.npmjs.org/graceful-readlink/-/graceful-readlink-1.0.1.tgz"
    },
    "has-ansi": {
      "version": "2.0.0",
      "from": "has-ansi@>=2.0.0 <3.0.0",
      "resolved": "https://registry.npmjs.org/has-ansi/-/has-ansi-2.0.0.tgz"
    },
    "hosted-git-info": {
      "version": "2.1.4",
      "from": "hosted-git-info@>=2.1.4 <3.0.0",
      "resolved": "https://registry.npmjs.org/hosted-git-info/-/hosted-git-info-2.1.4.tgz"
    },
    "imurmurhash": {
      "version": "0.1.4",
      "from": "imurmurhash@>=0.1.4 <0.2.0",
      "resolved": "https://registry.npmjs.org/imurmurhash/-/imurmurhash-0.1.4.tgz"
    },
    "in-range": {
      "version": "1.0.0",
      "from": "in-range@>=1.0.0 <2.0.0",
      "resolved": "https://registry.npmjs.org/in-range/-/in-range-1.0.0.tgz"
    },
    "indent-string": {
      "version": "1.2.2",
      "from": "indent-string@>=1.2.1 <2.0.0",
      "resolved": "https://registry.npmjs.org/indent-string/-/indent-string-1.2.2.tgz",
      "dependencies": {
        "repeating": {
          "version": "1.1.3",
          "from": "repeating@>=1.1.0 <2.0.0",
          "resolved": "https://registry.npmjs.org/repeating/-/repeating-1.1.3.tgz"
        }
      }
    },
    "is-arrayish": {
      "version": "0.2.1",
      "from": "is-arrayish@>=0.2.1 <0.3.0",
      "resolved": "https://registry.npmjs.org/is-arrayish/-/is-arrayish-0.2.1.tgz"
    },
    "is-builtin-module": {
      "version": "1.0.0",
      "from": "is-builtin-module@>=1.0.0 <2.0.0",
      "resolved": "https://registry.npmjs.org/is-builtin-module/-/is-builtin-module-1.0.0.tgz"
    },
    "is-finite": {
      "version": "1.0.1",
      "from": "is-finite@>=1.0.0 <2.0.0",
      "resolved": "https://registry.npmjs.org/is-finite/-/is-finite-1.0.1.tgz"
    },
    "is-utf8": {
      "version": "0.2.1",
      "from": "is-utf8@>=0.2.0 <0.3.0",
      "resolved": "https://registry.npmjs.org/is-utf8/-/is-utf8-0.2.1.tgz"
    },
    "json-promise": {
      "version": "1.1.8",
      "from": "json-promise@>=1.1.8 <2.0.0",
      "resolved": "https://registry.npmjs.org/json-promise/-/json-promise-1.1.8.tgz"
    },
    "keypress": {
      "version": "0.2.1",
      "from": "keypress@>=0.2.1 <0.3.0",
      "resolved": "https://registry.npmjs.org/keypress/-/keypress-0.2.1.tgz"
    },
    "linux-vol": {
      "version": "1.0.1",
      "from": "linux-vol@>=1.0.1 <2.0.0",
      "resolved": "https://registry.npmjs.org/linux-vol/-/linux-vol-1.0.1.tgz"
    },
    "load-json-file": {
      "version": "1.1.0",
      "from": "load-json-file@>=1.0.0 <2.0.0",
      "resolved": "https://registry.npmjs.org/load-json-file/-/load-json-file-1.1.0.tgz"
    },
    "loud-rejection": {
      "version": "1.2.0",
      "from": "loud-rejection@>=1.0.0 <2.0.0",
      "resolved": "https://registry.npmjs.org/loud-rejection/-/loud-rejection-1.2.0.tgz"
    },
    "map-obj": {
      "version": "1.0.1",
      "from": "map-obj@>=1.0.1 <2.0.0",
      "resolved": "https://registry.npmjs.org/map-obj/-/map-obj-1.0.1.tgz"
    },
    "meow": {
      "version": "3.7.0",
      "from": "meow@>=3.3.0 <4.0.0",
      "resolved": "https://registry.npmjs.org/meow/-/meow-3.7.0.tgz"
    },
    "minimist": {
      "version": "1.2.0",
      "from": "minimist@>=1.1.3 <2.0.0",
      "resolved": "https://registry.npmjs.org/minimist/-/minimist-1.2.0.tgz"
    },
    "mkdirp": {
      "version": "0.5.1",
      "from": "mkdirp@>=0.5.0 <0.6.0",
      "resolved": "https://registry.npmjs.org/mkdirp/-/mkdirp-0.5.1.tgz",
      "dependencies": {
        "minimist": {
          "version": "0.0.8",
          "from": "minimist@0.0.8",
          "resolved": "https://registry.npmjs.org/minimist/-/minimist-0.0.8.tgz"
        }
      }
    },
    "multi-typeof": {
      "version": "1.0.0",
      "from": "multi-typeof@>=1.0.0 <2.0.0",
      "resolved": "https://registry.npmjs.org/multi-typeof/-/multi-typeof-1.0.0.tgz"
    },
    "nan": {
      "version": "2.2.0",
      "from": "nan@>=2.0.9 <3.0.0",
      "resolved": "https://registry.npmjs.org/nan/-/nan-2.2.0.tgz"
    },
    "nircmd": {
      "version": "2.0.0",
      "from": "nircmd@>=2.0.0 <3.0.0",
      "resolved": "https://registry.npmjs.org/nircmd/-/nircmd-2.0.0.tgz",
      "dependencies": {
        "pinkie": {
          "version": "1.0.0",
          "from": "pinkie@>=1.0.0 <2.0.0",
          "resolved": "https://registry.npmjs.org/pinkie/-/pinkie-1.0.0.tgz"
        },
        "pinkie-promise": {
          "version": "1.0.0",
          "from": "pinkie-promise@>=1.0.0 <2.0.0",
          "resolved": "https://registry.npmjs.org/pinkie-promise/-/pinkie-promise-1.0.0.tgz"
        }
      }
    },
    "normalize-package-data": {
      "version": "2.3.5",
      "from": "normalize-package-data@>=2.3.4 <3.0.0",
      "resolved": "https://registry.npmjs.org/normalize-package-data/-/normalize-package-data-2.3.5.tgz"
    },
    "number-is-nan": {
      "version": "1.0.0",
      "from": "number-is-nan@>=1.0.0 <2.0.0",
      "resolved": "https://registry.npmjs.org/number-is-nan/-/number-is-nan-1.0.0.tgz"
    },
    "object-assign": {
      "version": "4.0.1",
      "from": "object-assign@>=4.0.1 <5.0.0",
      "resolved": "https://registry.npmjs.org/object-assign/-/object-assign-4.0.1.tgz"
    },
    "onetime": {
      "version": "1.1.0",
      "from": "onetime@>=1.0.0 <2.0.0",
      "resolved": "https://registry.npmjs.org/onetime/-/onetime-1.1.0.tgz"
    },
    "os-homedir": {
      "version": "1.0.1",
      "from": "os-homedir@>=1.0.0 <2.0.0",
      "resolved": "https://registry.npmjs.org/os-homedir/-/os-homedir-1.0.1.tgz"
    },
    "os-tmpdir": {
      "version": "1.0.1",
      "from": "os-tmpdir@>=1.0.0 <2.0.0",
      "resolved": "https://registry.npmjs.org/os-tmpdir/-/os-tmpdir-1.0.1.tgz"
    },
    "osenv": {
      "version": "0.1.3",
      "from": "osenv@>=0.1.0 <0.2.0",
      "resolved": "https://registry.npmjs.org/osenv/-/osenv-0.1.3.tgz"
    },
    "osx-brightness": {
      "version": "4.0.0",
      "from": "osx-brightness@>=4.0.0 <5.0.0",
      "resolved": "https://registry.npmjs.org/osx-brightness/-/osx-brightness-4.0.0.tgz",
      "dependencies": {
        "pinkie": {
          "version": "1.0.0",
          "from": "pinkie@>=1.0.0 <2.0.0",
          "resolved": "https://registry.npmjs.org/pinkie/-/pinkie-1.0.0.tgz"
        },
        "pinkie-promise": {
          "version": "1.0.0",
          "from": "pinkie-promise@>=1.0.0 <2.0.0",
          "resolved": "https://registry.npmjs.org/pinkie-promise/-/pinkie-promise-1.0.0.tgz"
        }
      }
    },
    "osx-screensaver": {
      "version": "2.1.0",
      "from": "osx-screensaver@>=2.1.0 <3.0.0",
      "resolved": "https://registry.npmjs.org/osx-screensaver/-/osx-screensaver-2.1.0.tgz",
      "dependencies": {
        "pinkie": {
          "version": "1.0.0",
          "from": "pinkie@>=1.0.0 <2.0.0",
          "resolved": "https://registry.npmjs.org/pinkie/-/pinkie-1.0.0.tgz"
        },
        "pinkie-promise": {
          "version": "1.0.0",
          "from": "pinkie-promise@>=1.0.0 <2.0.0",
          "resolved": "https://registry.npmjs.org/pinkie-promise/-/pinkie-promise-1.0.0.tgz"
        }
      }
    },
    "osx-vol": {
      "version": "1.0.5",
      "from": "osx-vol@>=1.0.2 <2.0.0",
      "resolved": "https://registry.npmjs.org/osx-vol/-/osx-vol-1.0.5.tgz"
    },
    "parse-json": {
      "version": "2.2.0",
      "from": "parse-json@>=2.2.0 <3.0.0",
      "resolved": "https://registry.npmjs.org/parse-json/-/parse-json-2.2.0.tgz"
    },
    "path-exists": {
      "version": "2.1.0",
      "from": "path-exists@>=2.0.0 <3.0.0",
      "resolved": "https://registry.npmjs.org/path-exists/-/path-exists-2.1.0.tgz"
    },
    "path-type": {
      "version": "1.1.0",
      "from": "path-type@>=1.0.0 <2.0.0",
      "resolved": "https://registry.npmjs.org/path-type/-/path-type-1.1.0.tgz"
    },
    "pify": {
      "version": "2.3.0",
      "from": "pify@>=2.3.0 <3.0.0",
      "resolved": "https://registry.npmjs.org/pify/-/pify-2.3.0.tgz"
    },
    "pinkie": {
      "version": "2.0.1",
      "from": "pinkie@>=2.0.0 <3.0.0",
      "resolved": "https://registry.npmjs.org/pinkie/-/pinkie-2.0.1.tgz"
    },
    "pinkie-promise": {
      "version": "2.0.0",
      "from": "pinkie-promise@>=2.0.0 <3.0.0",
      "resolved": "https://registry.npmjs.org/pinkie-promise/-/pinkie-promise-2.0.0.tgz"
    },
    "progress": {
      "version": "1.1.8",
      "from": "progress@>=1.1.8 <2.0.0",
      "resolved": "https://registry.npmjs.org/progress/-/progress-1.1.8.tgz"
    },
    "progress-control": {
      "version": "1.2.0",
      "from": "progress-control@>=1.0.0 <2.0.0",
      "resolved": "https://registry.npmjs.org/progress-control/-/progress-control-1.2.0.tgz"
    },
    "read-pkg": {
      "version": "1.1.0",
      "from": "read-pkg@>=1.0.0 <2.0.0",
      "resolved": "https://registry.npmjs.org/read-pkg/-/read-pkg-1.1.0.tgz"
    },
    "read-pkg-up": {
      "version": "1.0.1",
      "from": "read-pkg-up@>=1.0.1 <2.0.0",
      "resolved": "https://registry.npmjs.org/read-pkg-up/-/read-pkg-up-1.0.1.tgz"
    },
    "redent": {
      "version": "1.0.0",
      "from": "redent@>=1.0.0 <2.0.0",
      "resolved": "https://registry.npmjs.org/redent/-/redent-1.0.0.tgz",
      "dependencies": {
        "indent-string": {
          "version": "2.1.0",
          "from": "indent-string@>=2.1.0 <3.0.0",
          "resolved": "https://registry.npmjs.org/indent-string/-/indent-string-2.1.0.tgz"
        }
      }
    },
    "repeating": {
      "version": "2.0.0",
      "from": "repeating@>=2.0.0 <3.0.0",
      "resolved": "https://registry.npmjs.org/repeating/-/repeating-2.0.0.tgz"
    },
    "restore-cursor": {
      "version": "1.0.1",
      "from": "restore-cursor@>=1.0.1 <2.0.0",
      "resolved": "https://registry.npmjs.org/restore-cursor/-/restore-cursor-1.0.1.tgz"
    },
    "robotjs": {
      "version": "0.3.7",
      "from": "robotjs@>=0.3.3 <0.4.0",
      "resolved": "https://registry.npmjs.org/robotjs/-/robotjs-0.3.7.tgz"
    },
    "screensaver": {
      "version": "2.0.0",
      "from": "screensaver@>=2.0.0 <3.0.0",
      "resolved": "https://registry.npmjs.org/screensaver/-/screensaver-2.0.0.tgz"
    },
    "semver": {
      "version": "5.1.0",
      "from": "semver@>=2.0.0 <3.0.0||>=3.0.0 <4.0.0||>=4.0.0 <5.0.0||>=5.0.0 <6.0.0",
      "resolved": "https://registry.npmjs.org/semver/-/semver-5.1.0.tgz"
    },
    "shelljs": {
      "version": "0.5.3",
      "from": "shelljs@>=0.5.3 <0.6.0",
      "resolved": "https://registry.npmjs.org/shelljs/-/shelljs-0.5.3.tgz"
    },
    "signal-exit": {
      "version": "2.1.2",
      "from": "signal-exit@>=2.1.2 <3.0.0",
      "resolved": "https://registry.npmjs.org/signal-exit/-/signal-exit-2.1.2.tgz"
    },
    "slide": {
      "version": "1.1.6",
      "from": "slide@>=1.1.5 <2.0.0",
      "resolved": "https://registry.npmjs.org/slide/-/slide-1.1.6.tgz"
    },
    "spdx-correct": {
      "version": "1.0.2",
      "from": "spdx-correct@>=1.0.0 <1.1.0",
      "resolved": "https://registry.npmjs.org/spdx-correct/-/spdx-correct-1.0.2.tgz"
    },
    "spdx-exceptions": {
      "version": "1.0.4",
      "from": "spdx-exceptions@>=1.0.4 <2.0.0",
      "resolved": "https://registry.npmjs.org/spdx-exceptions/-/spdx-exceptions-1.0.4.tgz"
    },
    "spdx-expression-parse": {
      "version": "1.0.2",
      "from": "spdx-expression-parse@>=1.0.0 <1.1.0",
      "resolved": "https://registry.npmjs.org/spdx-expression-parse/-/spdx-expression-parse-1.0.2.tgz"
    },
    "spdx-license-ids": {
      "version": "1.2.0",
      "from": "spdx-license-ids@>=1.0.2 <2.0.0",
      "resolved": "https://registry.npmjs.org/spdx-license-ids/-/spdx-license-ids-1.2.0.tgz"
    },
    "strip-ansi": {
      "version": "3.0.0",
      "from": "strip-ansi@>=3.0.0 <4.0.0",
      "resolved": "https://registry.npmjs.org/strip-ansi/-/strip-ansi-3.0.0.tgz"
    },
    "strip-bom": {
      "version": "2.0.0",
      "from": "strip-bom@>=2.0.0 <3.0.0",
      "resolved": "https://registry.npmjs.org/strip-bom/-/strip-bom-2.0.0.tgz"
    },
    "strip-indent": {
      "version": "1.0.1",
      "from": "strip-indent@>=1.0.1 <2.0.0",
      "resolved": "https://registry.npmjs.org/strip-indent/-/strip-indent-1.0.1.tgz"
    },
    "supports-color": {
      "version": "2.0.0",
      "from": "supports-color@>=2.0.0 <3.0.0",
      "resolved": "https://registry.npmjs.org/supports-color/-/supports-color-2.0.0.tgz"
    },
    "to-decimal": {
      "version": "2.0.0",
      "from": "to-decimal@>=2.0.0 <3.0.0",
      "resolved": "https://registry.npmjs.org/to-decimal/-/to-decimal-2.0.0.tgz"
    },
    "to-percent": {
      "version": "1.0.2",
      "from": "to-percent@>=1.0.2 <2.0.0",
      "resolved": "https://registry.npmjs.org/to-percent/-/to-percent-1.0.2.tgz"
    },
    "trim-newlines": {
      "version": "1.0.0",
      "from": "trim-newlines@>=1.0.0 <2.0.0",
      "resolved": "https://registry.npmjs.org/trim-newlines/-/trim-newlines-1.0.0.tgz"
    },
    "trolol": {
      "version": "1.12.0",
      "from": "trolol@*",
      "resolved": "https://registry.npmjs.org/trolol/-/trolol-1.12.0.tgz"
    },
    "uuid": {
      "version": "2.0.1",
      "from": "uuid@>=2.0.1 <3.0.0",
      "resolved": "https://registry.npmjs.org/uuid/-/uuid-2.0.1.tgz"
    },
    "validate-npm-package-license": {
      "version": "3.0.1",
      "from": "validate-npm-package-license@>=3.0.1 <4.0.0",
      "resolved": "https://registry.npmjs.org/validate-npm-package-license/-/validate-npm-package-license-3.0.1.tgz"
    },
    "vol": {
      "version": "2.1.1",
      "from": "vol@>=2.1.1 <3.0.0",
      "resolved": "https://registry.npmjs.org/vol/-/vol-2.1.1.tgz",
      "dependencies": {
        "indent-string": {
          "version": "2.1.0",
          "from": "indent-string@>=2.0.0 <3.0.0",
          "resolved": "https://registry.npmjs.org/indent-string/-/indent-string-2.1.0.tgz"
        }
      }
    },
    "win-screensaver": {
      "version": "2.0.0",
      "from": "win-screensaver@>=2.0.0 <3.0.0",
      "resolved": "https://registry.npmjs.org/win-screensaver/-/win-screensaver-2.0.0.tgz",
      "dependencies": {
        "pinkie": {
          "version": "1.0.0",
          "from": "pinkie@>=1.0.0 <2.0.0",
          "resolved": "https://registry.npmjs.org/pinkie/-/pinkie-1.0.0.tgz"
        },
        "pinkie-promise": {
          "version": "1.0.0",
          "from": "pinkie-promise@>=1.0.0 <2.0.0",
          "resolved": "https://registry.npmjs.org/pinkie-promise/-/pinkie-promise-1.0.0.tgz"
        }
      }
    },
    "wmi-client": {
      "version": "0.2.0",
      "from": "wmi-client@>=0.2.0 <0.3.0",
      "resolved": "https://registry.npmjs.org/wmi-client/-/wmi-client-0.2.0.tgz"
    },
    "write-file-atomic": {
      "version": "1.1.4",
      "from": "write-file-atomic@>=1.1.2 <2.0.0",
      "resolved": "https://registry.npmjs.org/write-file-atomic/-/write-file-atomic-1.1.4.tgz"
    },
    "xdg-basedir": {
      "version": "2.0.0",
      "from": "xdg-basedir@>=2.0.0 <3.0.0",
      "resolved": "https://registry.npmjs.org/xdg-basedir/-/xdg-basedir-2.0.0.tgz"
    },
    "xdg-screensaver": {
      "version": "2.0.0",
      "from": "xdg-screensaver@>=2.0.0 <3.0.0",
      "resolved": "https://registry.npmjs.org/xdg-screensaver/-/xdg-screensaver-2.0.0.tgz",
      "dependencies": {
        "pinkie": {
          "version": "1.0.0",
          "from": "pinkie@>=1.0.0 <2.0.0",
          "resolved": "https://registry.npmjs.org/pinkie/-/pinkie-1.0.0.tgz"
        },
        "pinkie-promise": {
          "version": "1.0.0",
          "from": "pinkie-promise@>=1.0.0 <2.0.0",
          "resolved": "https://registry.npmjs.org/pinkie-promise/-/pinkie-promise-1.0.0.tgz"
        }
      }
    }
  }
}
